
Microsoft Visual Studio Solution File, Format Version 12.00
# Visual Studio Version 16
VisualStudioVersion = 16.0.30907.101
MinimumVisualStudioVersion = 10.0.40219.1
Project("{FAE04EC0-301F-11D3-BF4B-00C04F79EFBC}") = "alg_dz7", "alg_dz7\alg_dz7.csproj", "{C0C13ECC-EED9-4C20-9622-3C2D4CC82847}"
EndProject
Global
	GlobalSection(SolutionConfigurationPlatforms) = preSolution
		Debug|Any CPU = Debug|Any CPU
		Release|Any CPU = Release|Any CPU
	EndGlobalSection
	GlobalSection(ProjectConfigurationPlatforms) = postSolution
		{C0C13ECC-EED9-4C20-9622-3C2D4CC82847}.Debug|Any CPU.ActiveCfg = Debug|Any CPU
		{C0C13ECC-EED9-4C20-9622-3C2D4CC82847}.Debug|Any CPU.Build.0 = Debug|Any CPU
		{C0C13ECC-EED9-4C20-9622-3C2D4CC82847}.Release|Any CPU.ActiveCfg = Release|Any CPU
		{C0C13ECC-EED9-4C20-9622-3C2D4CC82847}.Release|Any CPU.Build.0 = Release|Any CPU
	EndGlobalSection
	GlobalSection(SolutionProperties) = preSolution
		HideSolutionNode = FALSE
	EndGlobalSection
	GlobalSection(ExtensibilityGlobals) = postSolution
		SolutionGuid = {73B0174E-6B4C-439B-A713-899A1851AB57}
	EndGlobalSection
EndGlobal
