
Microsoft Visual Studio Solution File, Format Version 12.00
# Visual Studio Version 16
VisualStudioVersion = 16.0.31005.135
MinimumVisualStudioVersion = 10.0.40219.1
Project("{9A19103F-16F7-4668-BE54-9A1E7A4F7556}") = "alg_dz2.1", "alg_dz2.1\alg_dz2.1.csproj", "{EB38CBED-6F2E-4445-97EF-B8480277CC05}"
EndProject
Project("{9A19103F-16F7-4668-BE54-9A1E7A4F7556}") = "alg_dz2.2", "alg_dz2.2\alg_dz2.2.csproj", "{CE7355EE-C60C-4ED3-8F97-BBA8C35E8D7D}"
EndProject
Global
	GlobalSection(SolutionConfigurationPlatforms) = preSolution
		Debug|Any CPU = Debug|Any CPU
		Release|Any CPU = Release|Any CPU
	EndGlobalSection
	GlobalSection(ProjectConfigurationPlatforms) = postSolution
		{EB38CBED-6F2E-4445-97EF-B8480277CC05}.Debug|Any CPU.ActiveCfg = Debug|Any CPU
		{EB38CBED-6F2E-4445-97EF-B8480277CC05}.Debug|Any CPU.Build.0 = Debug|Any CPU
		{EB38CBED-6F2E-4445-97EF-B8480277CC05}.Release|Any CPU.ActiveCfg = Release|Any CPU
		{EB38CBED-6F2E-4445-97EF-B8480277CC05}.Release|Any CPU.Build.0 = Release|Any CPU
		{CE7355EE-C60C-4ED3-8F97-BBA8C35E8D7D}.Debug|Any CPU.ActiveCfg = Debug|Any CPU
		{CE7355EE-C60C-4ED3-8F97-BBA8C35E8D7D}.Debug|Any CPU.Build.0 = Debug|Any CPU
		{CE7355EE-C60C-4ED3-8F97-BBA8C35E8D7D}.Release|Any CPU.ActiveCfg = Release|Any CPU
		{CE7355EE-C60C-4ED3-8F97-BBA8C35E8D7D}.Release|Any CPU.Build.0 = Release|Any CPU
	EndGlobalSection
	GlobalSection(SolutionProperties) = preSolution
		HideSolutionNode = FALSE
	EndGlobalSection
	GlobalSection(ExtensibilityGlobals) = postSolution
		SolutionGuid = {E6AF5AC5-A02A-438F-A88A-19A1259CC063}
	EndGlobalSection
EndGlobal
