
Microsoft Visual Studio Solution File, Format Version 12.00
# Visual Studio Version 16
VisualStudioVersion = 16.0.30907.101
MinimumVisualStudioVersion = 10.0.40219.1
Project("{FAE04EC0-301F-11D3-BF4B-00C04F79EFBC}") = "dz2.1 (avgTemperature)", "dz2.1\dz2.1 (avgTemperature).csproj", "{EC64BF87-B456-46D4-B161-7FABC5FB24D6}"
EndProject
Project("{FAE04EC0-301F-11D3-BF4B-00C04F79EFBC}") = "dz2.2 (monthName)", "dz2.2\dz2.2 (monthName).csproj", "{1F858D3B-0BFC-43BE-88BB-E74E36C819A2}"
EndProject
Project("{FAE04EC0-301F-11D3-BF4B-00C04F79EFBC}") = "dz2.3(evenUnevenNum)", "dz2.3\dz2.3(evenUnevenNum).csproj", "{0C1A1BC0-F2AD-4E64-8FFF-B33F68A74A0C}"
EndProject
Project("{FAE04EC0-301F-11D3-BF4B-00C04F79EFBC}") = "dz2.4(billPrint)", "dz2.4\dz2.4(billPrint).csproj", "{289F98BB-6964-4984-BF5F-2667406F9884}"
EndProject
Project("{FAE04EC0-301F-11D3-BF4B-00C04F79EFBC}") = "dz2.5(rainyWinter)", "dz2.5\dz2.5(rainyWinter).csproj", "{09BCEDE6-D0D4-4DC8-8A8F-49BAA3B0C6B2}"
EndProject
Project("{FAE04EC0-301F-11D3-BF4B-00C04F79EFBC}") = "dz2.6(workSchedule)", "dz2.6\dz2.6(workSchedule).csproj", "{F5C904A3-D253-4F97-91CF-314DAC404822}"
EndProject
Global
	GlobalSection(SolutionConfigurationPlatforms) = preSolution
		Debug|Any CPU = Debug|Any CPU
		Release|Any CPU = Release|Any CPU
	EndGlobalSection
	GlobalSection(ProjectConfigurationPlatforms) = postSolution
		{EC64BF87-B456-46D4-B161-7FABC5FB24D6}.Debug|Any CPU.ActiveCfg = Debug|Any CPU
		{EC64BF87-B456-46D4-B161-7FABC5FB24D6}.Debug|Any CPU.Build.0 = Debug|Any CPU
		{EC64BF87-B456-46D4-B161-7FABC5FB24D6}.Release|Any CPU.ActiveCfg = Release|Any CPU
		{EC64BF87-B456-46D4-B161-7FABC5FB24D6}.Release|Any CPU.Build.0 = Release|Any CPU
		{1F858D3B-0BFC-43BE-88BB-E74E36C819A2}.Debug|Any CPU.ActiveCfg = Debug|Any CPU
		{1F858D3B-0BFC-43BE-88BB-E74E36C819A2}.Debug|Any CPU.Build.0 = Debug|Any CPU
		{1F858D3B-0BFC-43BE-88BB-E74E36C819A2}.Release|Any CPU.ActiveCfg = Release|Any CPU
		{1F858D3B-0BFC-43BE-88BB-E74E36C819A2}.Release|Any CPU.Build.0 = Release|Any CPU
		{0C1A1BC0-F2AD-4E64-8FFF-B33F68A74A0C}.Debug|Any CPU.ActiveCfg = Debug|Any CPU
		{0C1A1BC0-F2AD-4E64-8FFF-B33F68A74A0C}.Debug|Any CPU.Build.0 = Debug|Any CPU
		{0C1A1BC0-F2AD-4E64-8FFF-B33F68A74A0C}.Release|Any CPU.ActiveCfg = Release|Any CPU
		{0C1A1BC0-F2AD-4E64-8FFF-B33F68A74A0C}.Release|Any CPU.Build.0 = Release|Any CPU
		{289F98BB-6964-4984-BF5F-2667406F9884}.Debug|Any CPU.ActiveCfg = Debug|Any CPU
		{289F98BB-6964-4984-BF5F-2667406F9884}.Debug|Any CPU.Build.0 = Debug|Any CPU
		{289F98BB-6964-4984-BF5F-2667406F9884}.Release|Any CPU.ActiveCfg = Release|Any CPU
		{289F98BB-6964-4984-BF5F-2667406F9884}.Release|Any CPU.Build.0 = Release|Any CPU
		{09BCEDE6-D0D4-4DC8-8A8F-49BAA3B0C6B2}.Debug|Any CPU.ActiveCfg = Debug|Any CPU
		{09BCEDE6-D0D4-4DC8-8A8F-49BAA3B0C6B2}.Debug|Any CPU.Build.0 = Debug|Any CPU
		{09BCEDE6-D0D4-4DC8-8A8F-49BAA3B0C6B2}.Release|Any CPU.ActiveCfg = Release|Any CPU
		{09BCEDE6-D0D4-4DC8-8A8F-49BAA3B0C6B2}.Release|Any CPU.Build.0 = Release|Any CPU
		{F5C904A3-D253-4F97-91CF-314DAC404822}.Debug|Any CPU.ActiveCfg = Debug|Any CPU
		{F5C904A3-D253-4F97-91CF-314DAC404822}.Debug|Any CPU.Build.0 = Debug|Any CPU
		{F5C904A3-D253-4F97-91CF-314DAC404822}.Release|Any CPU.ActiveCfg = Release|Any CPU
		{F5C904A3-D253-4F97-91CF-314DAC404822}.Release|Any CPU.Build.0 = Release|Any CPU
	EndGlobalSection
	GlobalSection(SolutionProperties) = preSolution
		HideSolutionNode = FALSE
	EndGlobalSection
	GlobalSection(ExtensibilityGlobals) = postSolution
		SolutionGuid = {13049A57-0573-43E1-8691-FA69A46A40E4}
	EndGlobalSection
EndGlobal
