
Microsoft Visual Studio Solution File, Format Version 12.00
# Visual Studio Version 16
VisualStudioVersion = 16.0.30907.101
MinimumVisualStudioVersion = 10.0.40219.1
Project("{FAE04EC0-301F-11D3-BF4B-00C04F79EFBC}") = "dz3.1(diagonal)", "dz3.1\dz3.1(diagonal).csproj", "{4C981890-18D0-492A-A780-E71D2D941983}"
EndProject
Project("{FAE04EC0-301F-11D3-BF4B-00C04F79EFBC}") = "dz3.2 (phonebook)", "dz3.2\dz3.2 (phonebook).csproj", "{9ACEC56A-0428-44B9-A9E6-F7788BB5AF25}"
EndProject
Global
	GlobalSection(SolutionConfigurationPlatforms) = preSolution
		Debug|Any CPU = Debug|Any CPU
		Release|Any CPU = Release|Any CPU
	EndGlobalSection
	GlobalSection(ProjectConfigurationPlatforms) = postSolution
		{4C981890-18D0-492A-A780-E71D2D941983}.Debug|Any CPU.ActiveCfg = Debug|Any CPU
		{4C981890-18D0-492A-A780-E71D2D941983}.Debug|Any CPU.Build.0 = Debug|Any CPU
		{4C981890-18D0-492A-A780-E71D2D941983}.Release|Any CPU.ActiveCfg = Release|Any CPU
		{4C981890-18D0-492A-A780-E71D2D941983}.Release|Any CPU.Build.0 = Release|Any CPU
		{9ACEC56A-0428-44B9-A9E6-F7788BB5AF25}.Debug|Any CPU.ActiveCfg = Debug|Any CPU
		{9ACEC56A-0428-44B9-A9E6-F7788BB5AF25}.Debug|Any CPU.Build.0 = Debug|Any CPU
		{9ACEC56A-0428-44B9-A9E6-F7788BB5AF25}.Release|Any CPU.ActiveCfg = Release|Any CPU
		{9ACEC56A-0428-44B9-A9E6-F7788BB5AF25}.Release|Any CPU.Build.0 = Release|Any CPU
	EndGlobalSection
	GlobalSection(SolutionProperties) = preSolution
		HideSolutionNode = FALSE
	EndGlobalSection
	GlobalSection(ExtensibilityGlobals) = postSolution
		SolutionGuid = {9A74BBE9-EC47-4836-AEEA-7E23D7045076}
	EndGlobalSection
EndGlobal
